
Microsoft Visual Studio Solution File, Format Version 12.00
# Visual Studio 15
VisualStudioVersion = 15.0.28010.2036
MinimumVisualStudioVersion = 10.0.40219.1
Project("{9A19103F-16F7-4668-BE54-9A1E7A4F7556}") = "ConverterBenchmark", "ConverterBenchmark\ConverterBenchmark.csproj", "{762C25F8-FC5E-4052-BEF4-167D2ED3C8D5}"
EndProject
Project("{9A19103F-16F7-4668-BE54-9A1E7A4F7556}") = "ConverterTest", "ConverterTest\ConverterTest.csproj", "{5D6BC72F-7CE2-4C28-B6F1-9B13738AB928}"
EndProject
Project("{9A19103F-16F7-4668-BE54-9A1E7A4F7556}") = "Smart.Text.Japanese", "..\Smart.Text.Japanese\Smart.Text.Japanese.csproj", "{12482D00-969A-4842-9CA3-2A495EFF121F}"
EndProject
Project("{FAE04EC0-301F-11D3-BF4B-00C04F79EFBC}") = "ConvertWork", "ConvertWork\ConvertWork.csproj", "{6C2A6DCE-814C-4EE2-9C77-F4201CB0F7B8}"
EndProject
Global
	GlobalSection(SolutionConfigurationPlatforms) = preSolution
		Debug|Any CPU = Debug|Any CPU
		Release|Any CPU = Release|Any CPU
	EndGlobalSection
	GlobalSection(ProjectConfigurationPlatforms) = postSolution
		{762C25F8-FC5E-4052-BEF4-167D2ED3C8D5}.Debug|Any CPU.ActiveCfg = Debug|Any CPU
		{762C25F8-FC5E-4052-BEF4-167D2ED3C8D5}.Debug|Any CPU.Build.0 = Debug|Any CPU
		{762C25F8-FC5E-4052-BEF4-167D2ED3C8D5}.Release|Any CPU.ActiveCfg = Release|Any CPU
		{762C25F8-FC5E-4052-BEF4-167D2ED3C8D5}.Release|Any CPU.Build.0 = Release|Any CPU
		{5D6BC72F-7CE2-4C28-B6F1-9B13738AB928}.Debug|Any CPU.ActiveCfg = Debug|Any CPU
		{5D6BC72F-7CE2-4C28-B6F1-9B13738AB928}.Debug|Any CPU.Build.0 = Debug|Any CPU
		{5D6BC72F-7CE2-4C28-B6F1-9B13738AB928}.Release|Any CPU.ActiveCfg = Release|Any CPU
		{5D6BC72F-7CE2-4C28-B6F1-9B13738AB928}.Release|Any CPU.Build.0 = Release|Any CPU
		{12482D00-969A-4842-9CA3-2A495EFF121F}.Debug|Any CPU.ActiveCfg = Debug|Any CPU
		{12482D00-969A-4842-9CA3-2A495EFF121F}.Debug|Any CPU.Build.0 = Debug|Any CPU
		{12482D00-969A-4842-9CA3-2A495EFF121F}.Release|Any CPU.ActiveCfg = Release|Any CPU
		{12482D00-969A-4842-9CA3-2A495EFF121F}.Release|Any CPU.Build.0 = Release|Any CPU
		{6C2A6DCE-814C-4EE2-9C77-F4201CB0F7B8}.Debug|Any CPU.ActiveCfg = Debug|Any CPU
		{6C2A6DCE-814C-4EE2-9C77-F4201CB0F7B8}.Debug|Any CPU.Build.0 = Debug|Any CPU
		{6C2A6DCE-814C-4EE2-9C77-F4201CB0F7B8}.Release|Any CPU.ActiveCfg = Release|Any CPU
		{6C2A6DCE-814C-4EE2-9C77-F4201CB0F7B8}.Release|Any CPU.Build.0 = Release|Any CPU
	EndGlobalSection
	GlobalSection(SolutionProperties) = preSolution
		HideSolutionNode = FALSE
	EndGlobalSection
	GlobalSection(ExtensibilityGlobals) = postSolution
		SolutionGuid = {A93054A8-1B88-42EA-ABCD-2A4388129BF9}
	EndGlobalSection
EndGlobal
